
Microsoft Visual Studio Solution File, Format Version 12.00
# Visual Studio Version 17
Project("{8BC9CEB8-8B4A-11D0-8D11-00A0C91BC942}") = "ALL_BUILD", "ALL_BUILD.vcxproj", "{C501BF3A-0EE6-393F-B05F-274FD222B888}"
	ProjectSection(ProjectDependencies) = postProject
		{016C567D-140F-3152-85DC-E546246EA148} = {016C567D-140F-3152-85DC-E546246EA148}
		{F4BB0B21-2B3A-308D-B0BE-F296F992663C} = {F4BB0B21-2B3A-308D-B0BE-F296F992663C}
		{D077BAC8-957A-343D-8868-C651B8020B71} = {D077BAC8-957A-343D-8868-C651B8020B71}
		{FE15F496-6BB2-3527-A36B-124BE7B5CF36} = {FE15F496-6BB2-3527-A36B-124BE7B5CF36}
		{E3CEAED6-2A97-39F0-AFB2-49ACAFFAC7EB} = {E3CEAED6-2A97-39F0-AFB2-49ACAFFAC7EB}
	EndProjectSection
EndProject
Project("{8BC9CEB8-8B4A-11D0-8D11-00A0C91BC942}") = "HelloWorld", "mains\HelloWorld.vcxproj", "{016C567D-140F-3152-85DC-E546246EA148}"
	ProjectSection(ProjectDependencies) = postProject
		{F4BB0B21-2B3A-308D-B0BE-F296F992663C} = {F4BB0B21-2B3A-308D-B0BE-F296F992663C}
		{D077BAC8-957A-343D-8868-C651B8020B71} = {D077BAC8-957A-343D-8868-C651B8020B71}
	EndProjectSection
EndProject
Project("{8BC9CEB8-8B4A-11D0-8D11-00A0C91BC942}") = "RUN_TESTS", "RUN_TESTS.vcxproj", "{E0E90BE7-1658-38D9-AD41-2BA5249DB357}"
	ProjectSection(ProjectDependencies) = postProject
		{F4BB0B21-2B3A-308D-B0BE-F296F992663C} = {F4BB0B21-2B3A-308D-B0BE-F296F992663C}
	EndProjectSection
EndProject
Project("{8BC9CEB8-8B4A-11D0-8D11-00A0C91BC942}") = "ZERO_CHECK", "ZERO_CHECK.vcxproj", "{F4BB0B21-2B3A-308D-B0BE-F296F992663C}"
	ProjectSection(ProjectDependencies) = postProject
	EndProjectSection
EndProject
Project("{8BC9CEB8-8B4A-11D0-8D11-00A0C91BC942}") = "basic", "src\basic\basic.vcxproj", "{D077BAC8-957A-343D-8868-C651B8020B71}"
	ProjectSection(ProjectDependencies) = postProject
		{F4BB0B21-2B3A-308D-B0BE-F296F992663C} = {F4BB0B21-2B3A-308D-B0BE-F296F992663C}
	EndProjectSection
EndProject
Project("{8BC9CEB8-8B4A-11D0-8D11-00A0C91BC942}") = "test_hello", "tests\test_hello.vcxproj", "{FE15F496-6BB2-3527-A36B-124BE7B5CF36}"
	ProjectSection(ProjectDependencies) = postProject
		{F4BB0B21-2B3A-308D-B0BE-F296F992663C} = {F4BB0B21-2B3A-308D-B0BE-F296F992663C}
		{D077BAC8-957A-343D-8868-C651B8020B71} = {D077BAC8-957A-343D-8868-C651B8020B71}
	EndProjectSection
EndProject
Project("{8BC9CEB8-8B4A-11D0-8D11-00A0C91BC942}") = "test_version", "tests\test_version.vcxproj", "{E3CEAED6-2A97-39F0-AFB2-49ACAFFAC7EB}"
	ProjectSection(ProjectDependencies) = postProject
		{F4BB0B21-2B3A-308D-B0BE-F296F992663C} = {F4BB0B21-2B3A-308D-B0BE-F296F992663C}
		{D077BAC8-957A-343D-8868-C651B8020B71} = {D077BAC8-957A-343D-8868-C651B8020B71}
	EndProjectSection
EndProject
Global
	GlobalSection(SolutionConfigurationPlatforms) = preSolution
		Debug|x64 = Debug|x64
		Release|x64 = Release|x64
		MinSizeRel|x64 = MinSizeRel|x64
		RelWithDebInfo|x64 = RelWithDebInfo|x64
	EndGlobalSection
	GlobalSection(ProjectConfigurationPlatforms) = postSolution
		{C501BF3A-0EE6-393F-B05F-274FD222B888}.Debug|x64.ActiveCfg = Debug|x64
		{C501BF3A-0EE6-393F-B05F-274FD222B888}.Release|x64.ActiveCfg = Release|x64
		{C501BF3A-0EE6-393F-B05F-274FD222B888}.MinSizeRel|x64.ActiveCfg = MinSizeRel|x64
		{C501BF3A-0EE6-393F-B05F-274FD222B888}.RelWithDebInfo|x64.ActiveCfg = RelWithDebInfo|x64
		{016C567D-140F-3152-85DC-E546246EA148}.Debug|x64.ActiveCfg = Debug|x64
		{016C567D-140F-3152-85DC-E546246EA148}.Debug|x64.Build.0 = Debug|x64
		{016C567D-140F-3152-85DC-E546246EA148}.Release|x64.ActiveCfg = Release|x64
		{016C567D-140F-3152-85DC-E546246EA148}.Release|x64.Build.0 = Release|x64
		{016C567D-140F-3152-85DC-E546246EA148}.MinSizeRel|x64.ActiveCfg = MinSizeRel|x64
		{016C567D-140F-3152-85DC-E546246EA148}.MinSizeRel|x64.Build.0 = MinSizeRel|x64
		{016C567D-140F-3152-85DC-E546246EA148}.RelWithDebInfo|x64.ActiveCfg = RelWithDebInfo|x64
		{016C567D-140F-3152-85DC-E546246EA148}.RelWithDebInfo|x64.Build.0 = RelWithDebInfo|x64
		{E0E90BE7-1658-38D9-AD41-2BA5249DB357}.Debug|x64.ActiveCfg = Debug|x64
		{E0E90BE7-1658-38D9-AD41-2BA5249DB357}.Release|x64.ActiveCfg = Release|x64
		{E0E90BE7-1658-38D9-AD41-2BA5249DB357}.MinSizeRel|x64.ActiveCfg = MinSizeRel|x64
		{E0E90BE7-1658-38D9-AD41-2BA5249DB357}.RelWithDebInfo|x64.ActiveCfg = RelWithDebInfo|x64
		{F4BB0B21-2B3A-308D-B0BE-F296F992663C}.Debug|x64.ActiveCfg = Debug|x64
		{F4BB0B21-2B3A-308D-B0BE-F296F992663C}.Debug|x64.Build.0 = Debug|x64
		{F4BB0B21-2B3A-308D-B0BE-F296F992663C}.Release|x64.ActiveCfg = Release|x64
		{F4BB0B21-2B3A-308D-B0BE-F296F992663C}.Release|x64.Build.0 = Release|x64
		{F4BB0B21-2B3A-308D-B0BE-F296F992663C}.MinSizeRel|x64.ActiveCfg = MinSizeRel|x64
		{F4BB0B21-2B3A-308D-B0BE-F296F992663C}.MinSizeRel|x64.Build.0 = MinSizeRel|x64
		{F4BB0B21-2B3A-308D-B0BE-F296F992663C}.RelWithDebInfo|x64.ActiveCfg = RelWithDebInfo|x64
		{F4BB0B21-2B3A-308D-B0BE-F296F992663C}.RelWithDebInfo|x64.Build.0 = RelWithDebInfo|x64
		{D077BAC8-957A-343D-8868-C651B8020B71}.Debug|x64.ActiveCfg = Debug|x64
		{D077BAC8-957A-343D-8868-C651B8020B71}.Debug|x64.Build.0 = Debug|x64
		{D077BAC8-957A-343D-8868-C651B8020B71}.Release|x64.ActiveCfg = Release|x64
		{D077BAC8-957A-343D-8868-C651B8020B71}.Release|x64.Build.0 = Release|x64
		{D077BAC8-957A-343D-8868-C651B8020B71}.MinSizeRel|x64.ActiveCfg = MinSizeRel|x64
		{D077BAC8-957A-343D-8868-C651B8020B71}.MinSizeRel|x64.Build.0 = MinSizeRel|x64
		{D077BAC8-957A-343D-8868-C651B8020B71}.RelWithDebInfo|x64.ActiveCfg = RelWithDebInfo|x64
		{D077BAC8-957A-343D-8868-C651B8020B71}.RelWithDebInfo|x64.Build.0 = RelWithDebInfo|x64
		{FE15F496-6BB2-3527-A36B-124BE7B5CF36}.Debug|x64.ActiveCfg = Debug|x64
		{FE15F496-6BB2-3527-A36B-124BE7B5CF36}.Debug|x64.Build.0 = Debug|x64
		{FE15F496-6BB2-3527-A36B-124BE7B5CF36}.Release|x64.ActiveCfg = Release|x64
		{FE15F496-6BB2-3527-A36B-124BE7B5CF36}.Release|x64.Build.0 = Release|x64
		{FE15F496-6BB2-3527-A36B-124BE7B5CF36}.MinSizeRel|x64.ActiveCfg = MinSizeRel|x64
		{FE15F496-6BB2-3527-A36B-124BE7B5CF36}.MinSizeRel|x64.Build.0 = MinSizeRel|x64
		{FE15F496-6BB2-3527-A36B-124BE7B5CF36}.RelWithDebInfo|x64.ActiveCfg = RelWithDebInfo|x64
		{FE15F496-6BB2-3527-A36B-124BE7B5CF36}.RelWithDebInfo|x64.Build.0 = RelWithDebInfo|x64
		{E3CEAED6-2A97-39F0-AFB2-49ACAFFAC7EB}.Debug|x64.ActiveCfg = Debug|x64
		{E3CEAED6-2A97-39F0-AFB2-49ACAFFAC7EB}.Debug|x64.Build.0 = Debug|x64
		{E3CEAED6-2A97-39F0-AFB2-49ACAFFAC7EB}.Release|x64.ActiveCfg = Release|x64
		{E3CEAED6-2A97-39F0-AFB2-49ACAFFAC7EB}.Release|x64.Build.0 = Release|x64
		{E3CEAED6-2A97-39F0-AFB2-49ACAFFAC7EB}.MinSizeRel|x64.ActiveCfg = MinSizeRel|x64
		{E3CEAED6-2A97-39F0-AFB2-49ACAFFAC7EB}.MinSizeRel|x64.Build.0 = MinSizeRel|x64
		{E3CEAED6-2A97-39F0-AFB2-49ACAFFAC7EB}.RelWithDebInfo|x64.ActiveCfg = RelWithDebInfo|x64
		{E3CEAED6-2A97-39F0-AFB2-49ACAFFAC7EB}.RelWithDebInfo|x64.Build.0 = RelWithDebInfo|x64
	EndGlobalSection
	GlobalSection(ExtensibilityGlobals) = postSolution
		SolutionGuid = {902595CA-6474-35EF-9E6E-CA66152369FE}
	EndGlobalSection
	GlobalSection(ExtensibilityAddIns) = postSolution
	EndGlobalSection
EndGlobal
